Microsoft Visual Studio Solution File, Format Version 10.00
# Visual Studio 2008
Project("{F184B08F-C81C-45F6-A57F-5ABD9991F28F}") = "LongRunningOperations.Module", "LongRunningOperations.Module\LongRunningOperations.Module.vbproj", "{4C1FAA0B-4E63-47DE-9896-C5B95A26D436}"
EndProject
Project("{F184B08F-C81C-45F6-A57F-5ABD9991F28F}") = "LongRunningOperations.Web", "LongRunningOperations.Web\LongRunningOperations.Web.vbproj", "{5754F5F5-1391-4FA3-A0CB-0AEC77E22817}"
EndProject
Project("{F184B08F-C81C-45F6-A57F-5ABD9991F28F}") = "LongRunningOperations.Win", "LongRunningOperations.Win\LongRunningOperations.Win.vbproj", "{8D2144E7-3AC6-456F-9189-A336D781ED1A}"
EndProject
Project("{F184B08F-C81C-45F6-A57F-5ABD9991F28F}") = "ConsoleApplicationServer1", "ConsoleApplicationServer1\ConsoleApplicationServer1.vbproj", "{20003A06-4782-4A35-A31A-3C00D264E89B}"
EndProject
Global
	GlobalSection(SolutionConfigurationPlatforms) = preSolution
		Debug|Any CPU = Debug|Any CPU
		EasyTest|Any CPU = EasyTest|Any CPU
		Release|Any CPU = Release|Any CPU
	EndGlobalSection
	GlobalSection(ProjectConfigurationPlatforms) = postSolution
		{4C1FAA0B-4E63-47DE-9896-C5B95A26D436}.Debug|Any CPU.ActiveCfg = Debug|Any CPU
		{4C1FAA0B-4E63-47DE-9896-C5B95A26D436}.Debug|Any CPU.Build.0 = Debug|Any CPU
		{4C1FAA0B-4E63-47DE-9896-C5B95A26D436}.EasyTest|Any CPU.ActiveCfg = EasyTest|Any CPU
		{4C1FAA0B-4E63-47DE-9896-C5B95A26D436}.EasyTest|Any CPU.Build.0 = EasyTest|Any CPU
		{4C1FAA0B-4E63-47DE-9896-C5B95A26D436}.Release|Any CPU.ActiveCfg = Release|Any CPU
		{4C1FAA0B-4E63-47DE-9896-C5B95A26D436}.Release|Any CPU.Build.0 = Release|Any CPU
		{5754F5F5-1391-4FA3-A0CB-0AEC77E22817}.Debug|Any CPU.ActiveCfg = Debug|Any CPU
		{5754F5F5-1391-4FA3-A0CB-0AEC77E22817}.Debug|Any CPU.Build.0 = Debug|Any CPU
		{5754F5F5-1391-4FA3-A0CB-0AEC77E22817}.EasyTest|Any CPU.ActiveCfg = EasyTest|Any CPU
		{5754F5F5-1391-4FA3-A0CB-0AEC77E22817}.EasyTest|Any CPU.Build.0 = EasyTest|Any CPU
		{5754F5F5-1391-4FA3-A0CB-0AEC77E22817}.Release|Any CPU.ActiveCfg = Release|Any CPU
		{5754F5F5-1391-4FA3-A0CB-0AEC77E22817}.Release|Any CPU.Build.0 = Release|Any CPU
		{8D2144E7-3AC6-456F-9189-A336D781ED1A}.Debug|Any CPU.ActiveCfg = Debug|Any CPU
		{8D2144E7-3AC6-456F-9189-A336D781ED1A}.Debug|Any CPU.Build.0 = Debug|Any CPU
		{8D2144E7-3AC6-456F-9189-A336D781ED1A}.EasyTest|Any CPU.ActiveCfg = EasyTest|Any CPU
		{8D2144E7-3AC6-456F-9189-A336D781ED1A}.EasyTest|Any CPU.Build.0 = EasyTest|Any CPU
		{8D2144E7-3AC6-456F-9189-A336D781ED1A}.Release|Any CPU.ActiveCfg = Release|Any CPU
		{8D2144E7-3AC6-456F-9189-A336D781ED1A}.Release|Any CPU.Build.0 = Release|Any CPU
		{20003A06-4782-4A35-A31A-3C00D264E89B}.Debug|Any CPU.ActiveCfg = Debug|Any CPU
		{20003A06-4782-4A35-A31A-3C00D264E89B}.Debug|Any CPU.Build.0 = Debug|Any CPU
		{20003A06-4782-4A35-A31A-3C00D264E89B}.EasyTest|Any CPU.ActiveCfg = Release|Any CPU
		{20003A06-4782-4A35-A31A-3C00D264E89B}.EasyTest|Any CPU.Build.0 = Release|Any CPU
		{20003A06-4782-4A35-A31A-3C00D264E89B}.Release|Any CPU.ActiveCfg = Release|Any CPU
		{20003A06-4782-4A35-A31A-3C00D264E89B}.Release|Any CPU.Build.0 = Release|Any CPU
	EndGlobalSection
	GlobalSection(SolutionProperties) = preSolution
		HideSolutionNode = FALSE
	EndGlobalSection
EndGlobal
